<?xml version="1.0" encoding="utf-8"?>
<!--
 |  Copyright (c) 2014-2026 libbitcoin-database developers (see COPYING).
 |
 |         GENERATED SOURCE CODE, DO NOT EDIT EXCEPT EXPERIMENTALLY
 |
 -->
<Project DefaultTargets="Build" ToolsVersion="4.0" xmlns="http://schemas.microsoft.com/developer/msbuild/2003">
  <ItemGroup>
    <Filter Include="src">
      <UniqueIdentifier>{5C4DA53A-8C06-4DA6-0000-000000000000}</UniqueIdentifier>
    </Filter>
    <Filter Include="src\file">
      <UniqueIdentifier>{5C4DA53A-8C06-4DA6-0000-000000000001}</UniqueIdentifier>
    </Filter>
    <Filter Include="src\locks">
      <UniqueIdentifier>{5C4DA53A-8C06-4DA6-0000-000000000002}</UniqueIdentifier>
    </Filter>
    <Filter Include="src\memory">
      <UniqueIdentifier>{5C4DA53A-8C06-4DA6-0000-000000000003}</UniqueIdentifier>
    </Filter>
    <Filter Include="src\mocks">
      <UniqueIdentifier>{5C4DA53A-8C06-4DA6-0000-000000000004}</UniqueIdentifier>
    </Filter>
    <Filter Include="src\primitives">
      <UniqueIdentifier>{5C4DA53A-8C06-4DA6-0000-000000000005}</UniqueIdentifier>
    </Filter>
    <Filter Include="src\query">
      <UniqueIdentifier>{5C4DA53A-8C06-4DA6-0000-000000000006}</UniqueIdentifier>
    </Filter>
    <Filter Include="src\query\address">
      <UniqueIdentifier>{5C4DA53A-8C06-4DA6-0000-000000000009}</UniqueIdentifier>
    </Filter>
    <Filter Include="src\query\archive">
      <UniqueIdentifier>{5C4DA53A-8C06-4DA6-0000-00000000000A}</UniqueIdentifier>
    </Filter>
    <Filter Include="src\query\consensus">
      <UniqueIdentifier>{5C4DA53A-8C06-4DA6-0000-00000000000B}</UniqueIdentifier>
    </Filter>
    <Filter Include="src\query\navigate">
      <UniqueIdentifier>{5C4DA53A-8C06-4DA6-0000-00000000000C}</UniqueIdentifier>
    </Filter>
    <Filter Include="src\tables">
      <UniqueIdentifier>{5C4DA53A-8C06-4DA6-0000-000000000007}</UniqueIdentifier>
    </Filter>
    <Filter Include="src\tables\archives">
      <UniqueIdentifier>{5C4DA53A-8C06-4DA6-0000-00000000000D}</UniqueIdentifier>
    </Filter>
    <Filter Include="src\tables\caches">
      <UniqueIdentifier>{5C4DA53A-8C06-4DA6-0000-00000000000E}</UniqueIdentifier>
    </Filter>
    <Filter Include="src\tables\indexes">
      <UniqueIdentifier>{5C4DA53A-8C06-4DA6-0000-00000000000F}</UniqueIdentifier>
    </Filter>
    <Filter Include="src\tables\optional">
      <UniqueIdentifier>{5C4DA53A-8C06-4DA6-0000-000000000001}</UniqueIdentifier>
    </Filter>
    <Filter Include="src\types">
      <UniqueIdentifier>{5C4DA53A-8C06-4DA6-0000-000000000008}</UniqueIdentifier>
    </Filter>
  </ItemGroup>
  <ItemGroup>
    <ClCompile Include="..\..\..\..\test\error.cpp">
      <Filter>src</Filter>
    </ClCompile>
    <ClCompile Include="..\..\..\..\test\file\rotator.cpp">
      <Filter>src\file</Filter>
    </ClCompile>
    <ClCompile Include="..\..\..\..\test\file\utilities.cpp">
      <Filter>src\file</Filter>
    </ClCompile>
    <ClCompile Include="..\..\..\..\test\locks\file_lock.cpp">
      <Filter>src\locks</Filter>
    </ClCompile>
    <ClCompile Include="..\..\..\..\test\locks\flush_lock.cpp">
      <Filter>src\locks</Filter>
    </ClCompile>
    <ClCompile Include="..\..\..\..\test\locks\interprocess_lock.cpp">
      <Filter>src\locks</Filter>
    </ClCompile>
    <ClCompile Include="..\..\..\..\test\main.cpp">
      <Filter>src</Filter>
    </ClCompile>
    <ClCompile Include="..\..\..\..\test\memory\accessor.cpp">
      <Filter>src\memory</Filter>
    </ClCompile>
    <ClCompile Include="..\..\..\..\test\memory\map.cpp">
      <Filter>src\memory</Filter>
    </ClCompile>
    <ClCompile Include="..\..\..\..\test\memory\utilities.cpp">
      <Filter>src\memory</Filter>
    </ClCompile>
    <ClCompile Include="..\..\..\..\test\mocks\blocks.cpp">
      <Filter>src\mocks</Filter>
    </ClCompile>
    <ClCompile Include="..\..\..\..\test\mocks\chunk_storage.cpp">
      <Filter>src\mocks</Filter>
    </ClCompile>
    <ClCompile Include="..\..\..\..\test\primitives\arrayhead.cpp">
      <Filter>src\primitives</Filter>
    </ClCompile>
    <ClCompile Include="..\..\..\..\test\primitives\arraymap.cpp">
      <Filter>src\primitives</Filter>
    </ClCompile>
    <ClCompile Include="..\..\..\..\test\primitives\hashhead.cpp">
      <Filter>src\primitives</Filter>
    </ClCompile>
    <ClCompile Include="..\..\..\..\test\primitives\hashmap.cpp">
      <Filter>src\primitives</Filter>
    </ClCompile>
    <ClCompile Include="..\..\..\..\test\primitives\iterator.cpp">
      <Filter>src\primitives</Filter>
    </ClCompile>
    <ClCompile Include="..\..\..\..\test\primitives\keys.cpp">
      <Filter>src\primitives</Filter>
    </ClCompile>
    <ClCompile Include="..\..\..\..\test\primitives\linkage.cpp">
      <Filter>src\primitives</Filter>
    </ClCompile>
    <ClCompile Include="..\..\..\..\test\primitives\manager.cpp">
      <Filter>src\primitives</Filter>
    </ClCompile>
    <ClCompile Include="..\..\..\..\test\primitives\nomap.cpp">
      <Filter>src\primitives</Filter>
    </ClCompile>
    <ClCompile Include="..\..\..\..\test\query\address\address_balance.cpp">
      <Filter>src\query\address</Filter>
    </ClCompile>
    <ClCompile Include="..\..\..\..\test\query\address\address_history.cpp">
      <Filter>src\query\address</Filter>
    </ClCompile>
    <ClCompile Include="..\..\..\..\test\query\address\address_outpoints.cpp">
      <Filter>src\query\address</Filter>
    </ClCompile>
    <ClCompile Include="..\..\..\..\test\query\address\address_unspent.cpp">
      <Filter>src\query\address</Filter>
    </ClCompile>
    <ClCompile Include="..\..\..\..\test\query\amounts.cpp">
      <Filter>src\query</Filter>
    </ClCompile>
    <ClCompile Include="..\..\..\..\test\query\archive\chain_reader.cpp">
      <Filter>src\query\archive</Filter>
    </ClCompile>
    <ClCompile Include="..\..\..\..\test\query\archive\chain_writer.cpp">
      <Filter>src\query\archive</Filter>
    </ClCompile>
    <ClCompile Include="..\..\..\..\test\query\archive\wire_reader.cpp">
      <Filter>src\query\archive</Filter>
    </ClCompile>
    <ClCompile Include="..\..\..\..\test\query\archive\wire_writer.cpp">
      <Filter>src\query\archive</Filter>
    </ClCompile>
    <ClCompile Include="..\..\..\..\test\query\confirmed.cpp">
      <Filter>src\query</Filter>
    </ClCompile>
    <ClCompile Include="..\..\..\..\test\query\consensus\consensus_block.cpp">
      <Filter>src\query\consensus</Filter>
    </ClCompile>
    <ClCompile Include="..\..\..\..\test\query\consensus\consensus_chain_state.cpp">
      <Filter>src\query\consensus</Filter>
    </ClCompile>
    <ClCompile Include="..\..\..\..\test\query\consensus\consensus_compact.cpp">
      <Filter>src\query\consensus</Filter>
    </ClCompile>
    <ClCompile Include="..\..\..\..\test\query\consensus\consensus_forks.cpp">
      <Filter>src\query\consensus</Filter>
    </ClCompile>
    <ClCompile Include="..\..\..\..\test\query\consensus\consensus_populate.cpp">
      <Filter>src\query\consensus</Filter>
    </ClCompile>
    <ClCompile Include="..\..\..\..\test\query\consensus\consensus_prevouts.cpp">
      <Filter>src\query\consensus</Filter>
    </ClCompile>
    <ClCompile Include="..\..\..\..\test\query\consensus\consensus_states.cpp">
      <Filter>src\query\consensus</Filter>
    </ClCompile>
    <ClCompile Include="..\..\..\..\test\query\consensus\consensus_strong.cpp">
      <Filter>src\query\consensus</Filter>
    </ClCompile>
    <ClCompile Include="..\..\..\..\test\query\consensus\consensus_transaction.cpp">
      <Filter>src\query\consensus</Filter>
    </ClCompile>
    <ClCompile Include="..\..\..\..\test\query\consensus\consensus_work.cpp">
      <Filter>src\query\consensus</Filter>
    </ClCompile>
    <ClCompile Include="..\..\..\..\test\query\extent.cpp">
      <Filter>src\query</Filter>
    </ClCompile>
    <ClCompile Include="..\..\..\..\test\query\fee_rate.cpp">
      <Filter>src\query</Filter>
    </ClCompile>
    <ClCompile Include="..\..\..\..\test\query\filters.cpp">
      <Filter>src\query</Filter>
    </ClCompile>
    <ClCompile Include="..\..\..\..\test\query\height.cpp">
      <Filter>src\query</Filter>
    </ClCompile>
    <ClCompile Include="..\..\..\..\test\query\initialize.cpp">
      <Filter>src\query</Filter>
    </ClCompile>
    <ClCompile Include="..\..\..\..\test\query\locator.cpp">
      <Filter>src\query</Filter>
    </ClCompile>
    <ClCompile Include="..\..\..\..\test\query\merkle.cpp">
      <Filter>src\query</Filter>
    </ClCompile>
    <ClCompile Include="..\..\..\..\test\query\navigate\navigate_arraymap.cpp">
      <Filter>src\query\navigate</Filter>
    </ClCompile>
    <ClCompile Include="..\..\..\..\test\query\navigate\navigate_forward.cpp">
      <Filter>src\query\navigate</Filter>
    </ClCompile>
    <ClCompile Include="..\..\..\..\test\query\navigate\navigate_hashmap.cpp">
      <Filter>src\query\navigate</Filter>
    </ClCompile>
    <ClCompile Include="..\..\..\..\test\query\navigate\navigate_natural.cpp">
      <Filter>src\query\navigate</Filter>
    </ClCompile>
    <ClCompile Include="..\..\..\..\test\query\navigate\navigate_reverse.cpp">
      <Filter>src\query\navigate</Filter>
    </ClCompile>
    <ClCompile Include="..\..\..\..\test\query\properties_block.cpp">
      <Filter>src\query</Filter>
    </ClCompile>
    <ClCompile Include="..\..\..\..\test\query\properties_tx.cpp">
      <Filter>src\query</Filter>
    </ClCompile>
    <ClCompile Include="..\..\..\..\test\query\sequences.cpp">
      <Filter>src\query</Filter>
    </ClCompile>
    <ClCompile Include="..\..\..\..\test\query\sizes.cpp">
      <Filter>src\query</Filter>
    </ClCompile>
    <ClCompile Include="..\..\..\..\test\settings.cpp">
      <Filter>src</Filter>
    </ClCompile>
    <ClCompile Include="..\..\..\..\test\store.cpp">
      <Filter>src</Filter>
    </ClCompile>
    <ClCompile Include="..\..\..\..\test\tables\archives\header.cpp">
      <Filter>src\tables\archives</Filter>
    </ClCompile>
    <ClCompile Include="..\..\..\..\test\tables\archives\input.cpp">
      <Filter>src\tables\archives</Filter>
    </ClCompile>
    <ClCompile Include="..\..\..\..\test\tables\archives\ins.cpp">
      <Filter>src\tables\archives</Filter>
    </ClCompile>
    <ClCompile Include="..\..\..\..\test\tables\archives\output.cpp">
      <Filter>src\tables\archives</Filter>
    </ClCompile>
    <ClCompile Include="..\..\..\..\test\tables\archives\outs.cpp">
      <Filter>src\tables\archives</Filter>
    </ClCompile>
    <ClCompile Include="..\..\..\..\test\tables\archives\point.cpp">
      <Filter>src\tables\archives</Filter>
    </ClCompile>
    <ClCompile Include="..\..\..\..\test\tables\archives\transaction.cpp">
      <Filter>src\tables\archives</Filter>
    </ClCompile>
    <ClCompile Include="..\..\..\..\test\tables\archives\txs.cpp">
      <Filter>src\tables\archives</Filter>
    </ClCompile>
    <ClCompile Include="..\..\..\..\test\tables\caches\duplicate.cpp">
      <Filter>src\tables\caches</Filter>
    </ClCompile>
    <ClCompile Include="..\..\..\..\test\tables\caches\prevout.cpp">
      <Filter>src\tables\caches</Filter>
    </ClCompile>
    <ClCompile Include="..\..\..\..\test\tables\caches\validated_bk.cpp">
      <Filter>src\tables\caches</Filter>
    </ClCompile>
    <ClCompile Include="..\..\..\..\test\tables\caches\validated_tx.cpp">
      <Filter>src\tables\caches</Filter>
    </ClCompile>
    <ClCompile Include="..\..\..\..\test\tables\indexes\height.cpp">
      <Filter>src\tables\indexes</Filter>
    </ClCompile>
    <ClCompile Include="..\..\..\..\test\tables\indexes\strong_tx.cpp">
      <Filter>src\tables\indexes</Filter>
    </ClCompile>
    <ClCompile Include="..\..\..\..\test\tables\optional\address.cpp">
      <Filter>src\tables\optional</Filter>
    </ClCompile>
    <ClCompile Include="..\..\..\..\test\tables\optional\filter_bk.cpp">
      <Filter>src\tables\optional</Filter>
    </ClCompile>
    <ClCompile Include="..\..\..\..\test\tables\optional\filter_tx.cpp">
      <Filter>src\tables\optional</Filter>
    </ClCompile>
    <ClCompile Include="..\..\..\..\test\test.cpp">
      <Filter>src</Filter>
    </ClCompile>
    <ClCompile Include="..\..\..\..\test\types\history.cpp">
      <Filter>src\types</Filter>
    </ClCompile>
    <ClCompile Include="..\..\..\..\test\types\span.cpp">
      <Filter>src\types</Filter>
    </ClCompile>
    <ClCompile Include="..\..\..\..\test\types\unspent.cpp">
      <Filter>src\types</Filter>
    </ClCompile>
  </ItemGroup>
  <ItemGroup>
    <ClInclude Include="..\..\..\..\test\mocks\blocks.hpp">
      <Filter>src\mocks</Filter>
    </ClInclude>
    <ClInclude Include="..\..\..\..\test\mocks\chunk_storage.hpp">
      <Filter>src\mocks</Filter>
    </ClInclude>
    <ClInclude Include="..\..\..\..\test\mocks\chunk_store.hpp">
      <Filter>src\mocks</Filter>
    </ClInclude>
    <ClInclude Include="..\..\..\..\test\mocks\map_store.hpp">
      <Filter>src\mocks</Filter>
    </ClInclude>
    <ClInclude Include="..\..\..\..\test\test.hpp">
      <Filter>src</Filter>
    </ClInclude>
  </ItemGroup>
  <ItemGroup>
    <None Include="packages.config" />
  </ItemGroup>
  <ItemGroup>
    <Natvis Include="..\..\debug.natvis" />
  </ItemGroup>
</Project>
