<?xml version="1.0" encoding="utf-8"?>
<!--
 |  Copyright (c) 2014-2021 libbitcoin-database developers (see COPYING).
 |
 |         GENERATED SOURCE CODE, DO NOT EDIT EXCEPT EXPERIMENTALLY
 |
 -->
<Project DefaultTargets="Build" ToolsVersion="4.0" xmlns="http://schemas.microsoft.com/developer/msbuild/2003">
  <ItemGroup>
    <Filter Include="src">
      <UniqueIdentifier>{5C4DA53A-8C06-4DA6-0000-000000000000}</UniqueIdentifier>
    </Filter>
    <Filter Include="src\locks">
      <UniqueIdentifier>{5C4DA53A-8C06-4DA6-0000-000000000001}</UniqueIdentifier>
    </Filter>
    <Filter Include="src\memory">
      <UniqueIdentifier>{5C4DA53A-8C06-4DA6-0000-000000000002}</UniqueIdentifier>
    </Filter>
    <Filter Include="src\primitives">
      <UniqueIdentifier>{5C4DA53A-8C06-4DA6-0000-000000000003}</UniqueIdentifier>
    </Filter>
    <Filter Include="src\tables">
      <UniqueIdentifier>{5C4DA53A-8C06-4DA6-0000-000000000004}</UniqueIdentifier>
    </Filter>
  </ItemGroup>
  <ItemGroup>
    <ClCompile Include="..\..\..\..\test\locks\file_lock.cpp">
      <Filter>src\locks</Filter>
    </ClCompile>
    <ClCompile Include="..\..\..\..\test\locks\flush_lock.cpp">
      <Filter>src\locks</Filter>
    </ClCompile>
    <ClCompile Include="..\..\..\..\test\locks\interprocess_lock.cpp">
      <Filter>src\locks</Filter>
    </ClCompile>
    <ClCompile Include="..\..\..\..\test\main.cpp">
      <Filter>src</Filter>
    </ClCompile>
    <ClCompile Include="..\..\..\..\test\memory\accessor.cpp">
      <Filter>src\memory</Filter>
    </ClCompile>
    <ClCompile Include="..\..\..\..\test\memory\file.cpp">
      <Filter>src\memory</Filter>
    </ClCompile>
    <ClCompile Include="..\..\..\..\test\memory\map.cpp">
      <Filter>src\memory</Filter>
    </ClCompile>
    <ClCompile Include="..\..\..\..\test\primitives\element.cpp">
      <Filter>src\primitives</Filter>
    </ClCompile>
    <ClCompile Include="..\..\..\..\test\primitives\linkage.cpp">
      <Filter>src\primitives</Filter>
    </ClCompile>
    <ClCompile Include="..\..\..\..\test\primitives\manager.cpp">
      <Filter>src\primitives</Filter>
    </ClCompile>
    <ClCompile Include="..\..\..\..\test\settings.cpp">
      <Filter>src</Filter>
    </ClCompile>
    <ClCompile Include="..\..\..\..\test\storage.cpp">
      <Filter>src</Filter>
    </ClCompile>
    <ClCompile Include="..\..\..\..\test\tables\hash_table.cpp">
      <Filter>src\tables</Filter>
    </ClCompile>
    <ClCompile Include="..\..\..\..\test\tables\hash_table_header.cpp">
      <Filter>src\tables</Filter>
    </ClCompile>
    <ClCompile Include="..\..\..\..\test\tables\hash_table_multimap.cpp">
      <Filter>src\tables</Filter>
    </ClCompile>
    <ClCompile Include="..\..\..\..\test\test.cpp">
      <Filter>src</Filter>
    </ClCompile>
  </ItemGroup>
  <ItemGroup>
    <ClInclude Include="..\..\..\..\test\storage.hpp">
      <Filter>src</Filter>
    </ClInclude>
    <ClInclude Include="..\..\..\..\test\test.hpp">
      <Filter>src</Filter>
    </ClInclude>
  </ItemGroup>
  <ItemGroup>
    <None Include="packages.config" />
  </ItemGroup>
  <ItemGroup>
    <Natvis Include="..\..\debug.natvis" />
  </ItemGroup>
</Project>
