<?xml version="1.0" encoding="utf-8"?>
<Project ToolsVersion="4.0" xmlns="http://schemas.microsoft.com/developer/msbuild/2003">
  <ItemGroup>
    <ClCompile Include="..\..\..\..\src\data_base.cpp">
      <Filter>src</Filter>
    </ClCompile>
    <ClCompile Include="..\..\..\..\src\mman-win32\mman.c">
      <Filter>src\mman-win32</Filter>
    </ClCompile>
    <ClCompile Include="..\..\..\..\src\settings.cpp">
      <Filter>src</Filter>
    </ClCompile>
    <ClCompile Include="..\..\..\..\src\result\block_result.cpp">
      <Filter>src\result</Filter>
    </ClCompile>
    <ClCompile Include="..\..\..\..\src\result\transaction_result.cpp">
      <Filter>src\result</Filter>
    </ClCompile>
    <ClCompile Include="..\..\..\..\src\memory\memory_map.cpp">
      <Filter>src\memory</Filter>
    </ClCompile>
    <ClCompile Include="..\..\..\..\src\memory\accessor.cpp">
      <Filter>src\memory</Filter>
    </ClCompile>
    <ClCompile Include="..\..\..\..\src\memory\allocator.cpp">
      <Filter>src\memory</Filter>
    </ClCompile>
    <ClCompile Include="..\..\..\..\src\databases\spend_database.cpp">
      <Filter>src\databases</Filter>
    </ClCompile>
    <ClCompile Include="..\..\..\..\src\databases\stealth_database.cpp">
      <Filter>src\databases</Filter>
    </ClCompile>
    <ClCompile Include="..\..\..\..\src\databases\transaction_database.cpp">
      <Filter>src\databases</Filter>
    </ClCompile>
    <ClCompile Include="..\..\..\..\src\databases\block_database.cpp">
      <Filter>src\databases</Filter>
    </ClCompile>
    <ClCompile Include="..\..\..\..\src\databases\history_database.cpp">
      <Filter>src\databases</Filter>
    </ClCompile>
    <ClCompile Include="..\..\..\..\src\primitives\record_multimap_iterable.cpp">
      <Filter>src\primitives</Filter>
    </ClCompile>
    <ClCompile Include="..\..\..\..\src\primitives\record_multimap_iterator.cpp">
      <Filter>src\primitives</Filter>
    </ClCompile>
    <ClCompile Include="..\..\..\..\src\primitives\slab_manager.cpp">
      <Filter>src\primitives</Filter>
    </ClCompile>
    <ClCompile Include="..\..\..\..\src\primitives\record_list.cpp">
      <Filter>src\primitives</Filter>
    </ClCompile>
    <ClCompile Include="..\..\..\..\src\primitives\record_manager.cpp">
      <Filter>src\primitives</Filter>
    </ClCompile>
    <ClCompile Include="..\..\..\..\src\store.cpp">
      <Filter>src</Filter>
    </ClCompile>
  </ItemGroup>
  <ItemGroup>
    <ClInclude Include="..\..\..\..\include\bitcoin\database\version.hpp">
      <Filter>include\bitcoin\database</Filter>
    </ClInclude>
    <ClInclude Include="..\..\..\..\src\mman-win32\mman.h">
      <Filter>src\mman-win32</Filter>
    </ClInclude>
    <ClInclude Include="..\..\..\..\include\bitcoin\database\data_base.hpp">
      <Filter>include\bitcoin\database</Filter>
    </ClInclude>
    <ClInclude Include="..\..\..\..\include\bitcoin\database\settings.hpp">
      <Filter>include\bitcoin\database</Filter>
    </ClInclude>
    <ClInclude Include="..\..\..\..\include\bitcoin\database\define.hpp">
      <Filter>include\bitcoin\database</Filter>
    </ClInclude>
    <ClInclude Include="..\..\..\..\include\bitcoin\database\result\block_result.hpp">
      <Filter>include\bitcoin\database\result</Filter>
    </ClInclude>
    <ClInclude Include="..\..\..\..\include\bitcoin\database\result\transaction_result.hpp">
      <Filter>include\bitcoin\database\result</Filter>
    </ClInclude>
    <ClInclude Include="..\..\..\..\include\bitcoin\database.hpp">
      <Filter>include\bitcoin</Filter>
    </ClInclude>
    <ClInclude Include="..\..\..\..\include\bitcoin\database\memory\memory_map.hpp">
      <Filter>include\bitcoin\database\memory</Filter>
    </ClInclude>
    <ClInclude Include="..\..\..\..\include\bitcoin\database\memory\memory.hpp">
      <Filter>include\bitcoin\database\memory</Filter>
    </ClInclude>
    <ClInclude Include="..\..\..\..\include\bitcoin\database\memory\accessor.hpp">
      <Filter>include\bitcoin\database\memory</Filter>
    </ClInclude>
    <ClInclude Include="..\..\..\..\include\bitcoin\database\memory\allocator.hpp">
      <Filter>include\bitcoin\database\memory</Filter>
    </ClInclude>
    <ClInclude Include="..\..\..\..\include\bitcoin\database\databases\history_database.hpp">
      <Filter>include\bitcoin\database\databases</Filter>
    </ClInclude>
    <ClInclude Include="..\..\..\..\include\bitcoin\database\databases\spend_database.hpp">
      <Filter>include\bitcoin\database\databases</Filter>
    </ClInclude>
    <ClInclude Include="..\..\..\..\include\bitcoin\database\databases\stealth_database.hpp">
      <Filter>include\bitcoin\database\databases</Filter>
    </ClInclude>
    <ClInclude Include="..\..\..\..\include\bitcoin\database\databases\transaction_database.hpp">
      <Filter>include\bitcoin\database\databases</Filter>
    </ClInclude>
    <ClInclude Include="..\..\..\..\include\bitcoin\database\databases\block_database.hpp">
      <Filter>include\bitcoin\database\databases</Filter>
    </ClInclude>
    <ClInclude Include="..\..\..\..\include\bitcoin\database\primitives\record_multimap_iterator.hpp">
      <Filter>include\bitcoin\database\primitives</Filter>
    </ClInclude>
    <ClInclude Include="..\..\..\..\include\bitcoin\database\primitives\slab_hash_table.hpp">
      <Filter>include\bitcoin\database\primitives</Filter>
    </ClInclude>
    <ClInclude Include="..\..\..\..\include\bitcoin\database\primitives\slab_manager.hpp">
      <Filter>include\bitcoin\database\primitives</Filter>
    </ClInclude>
    <ClInclude Include="..\..\..\..\include\bitcoin\database\primitives\hash_table_header.hpp">
      <Filter>include\bitcoin\database\primitives</Filter>
    </ClInclude>
    <ClInclude Include="..\..\..\..\include\bitcoin\database\primitives\record_hash_table.hpp">
      <Filter>include\bitcoin\database\primitives</Filter>
    </ClInclude>
    <ClInclude Include="..\..\..\..\include\bitcoin\database\primitives\record_list.hpp">
      <Filter>include\bitcoin\database\primitives</Filter>
    </ClInclude>
    <ClInclude Include="..\..\..\..\include\bitcoin\database\primitives\record_manager.hpp">
      <Filter>include\bitcoin\database\primitives</Filter>
    </ClInclude>
    <ClInclude Include="..\..\..\..\include\bitcoin\database\primitives\record_multimap.hpp">
      <Filter>include\bitcoin\database\primitives</Filter>
    </ClInclude>
    <ClInclude Include="..\..\..\..\include\bitcoin\database\primitives\record_multimap_iterable.hpp">
      <Filter>include\bitcoin\database\primitives</Filter>
    </ClInclude>
    <ClInclude Include="..\..\..\..\include\bitcoin\database\store.hpp">
      <Filter>include\bitcoin\database</Filter>
    </ClInclude>
  </ItemGroup>
  <ItemGroup>
    <None Include="packages.config" />
    <None Include="..\..\..\..\include\bitcoin\database\impl\remainder.ipp">
      <Filter>include\bitcoin\database\impl</Filter>
    </None>
    <None Include="..\..\..\..\include\bitcoin\database\impl\record_hash_table.ipp">
      <Filter>include\bitcoin\database\impl</Filter>
    </None>
    <None Include="..\..\..\..\include\bitcoin\database\impl\slab_hash_table.ipp">
      <Filter>include\bitcoin\database\impl</Filter>
    </None>
    <None Include="..\..\..\..\include\bitcoin\database\impl\record_multimap.ipp">
      <Filter>include\bitcoin\database\impl</Filter>
    </None>
    <None Include="..\..\..\..\include\bitcoin\database\impl\record_row.ipp">
      <Filter>include\bitcoin\database\impl</Filter>
    </None>
    <None Include="..\..\..\..\include\bitcoin\database\impl\hash_table_header.ipp">
      <Filter>include\bitcoin\database\impl</Filter>
    </None>
    <None Include="..\..\..\..\include\bitcoin\database\impl\slab_row.ipp">
      <Filter>include\bitcoin\database\impl</Filter>
    </None>
  </ItemGroup>
  <ItemGroup>
    <Filter Include="include">
      <UniqueIdentifier>{11c7f4ed-eb93-43d0-9759-6f8123d97a2e}</UniqueIdentifier>
    </Filter>
    <Filter Include="include\bitcoin">
      <UniqueIdentifier>{b76c4694-a30e-4226-bdf0-ab7f7fa65a91}</UniqueIdentifier>
    </Filter>
    <Filter Include="include\bitcoin\database">
      <UniqueIdentifier>{941f0224-2e22-4651-b451-81eac5c4be1c}</UniqueIdentifier>
    </Filter>
    <Filter Include="include\bitcoin\database\impl">
      <UniqueIdentifier>{13dab59e-6461-4155-b441-720a884785bb}</UniqueIdentifier>
    </Filter>
    <Filter Include="src">
      <UniqueIdentifier>{60cb5d9d-8540-437e-bfa5-73e4c71c38a7}</UniqueIdentifier>
    </Filter>
    <Filter Include="src\mman-win32">
      <UniqueIdentifier>{b35b8e0a-f340-4650-b6b6-defdeb9bc4bc}</UniqueIdentifier>
    </Filter>
    <Filter Include="include\bitcoin\database\result">
      <UniqueIdentifier>{3a7d4015-6c91-4309-8d12-c81ebc70e2d8}</UniqueIdentifier>
    </Filter>
    <Filter Include="src\result">
      <UniqueIdentifier>{8bca51b7-ab0b-40b5-afd5-e8c79180aa84}</UniqueIdentifier>
    </Filter>
    <Filter Include="include\bitcoin\database\memory">
      <UniqueIdentifier>{aba7a13a-b66c-4745-a2e3-1e5e331e8a73}</UniqueIdentifier>
    </Filter>
    <Filter Include="src\memory">
      <UniqueIdentifier>{f9dd44e8-d8e1-49b3-9d78-0afc7df23d6d}</UniqueIdentifier>
    </Filter>
    <Filter Include="include\bitcoin\database\databases">
      <UniqueIdentifier>{0e13865b-34a1-478d-bd0a-c1cf2aee5e84}</UniqueIdentifier>
    </Filter>
    <Filter Include="src\databases">
      <UniqueIdentifier>{fb6c9df6-04a6-48f2-960f-241bf39e0e86}</UniqueIdentifier>
    </Filter>
    <Filter Include="src\primitives">
      <UniqueIdentifier>{ccda46dd-b31d-496c-8726-c6db21b9714c}</UniqueIdentifier>
    </Filter>
    <Filter Include="include\bitcoin\database\primitives">
      <UniqueIdentifier>{b6900019-3e3e-4c97-a375-82775c9d287e}</UniqueIdentifier>
    </Filter>
  </ItemGroup>
</Project>