<?xml version="1.0" encoding="utf-8"?>
<!--
 |  Copyright (c) 2014-2015 libbitcoin-database developers (see COPYING).
 |
 |         GENERATED SOURCE CODE, DO NOT EDIT EXCEPT EXPERIMENTALLY
 |
 -->
<Project DefaultTargets="Build" ToolsVersion="12.0" xmlns="http://schemas.microsoft.com/developer/msbuild/2003">
  <ItemGroup>
    <Filter Include="include">
      <UniqueIdentifier>{62D7FBEE-4D52-424A-0000-000000000005}</UniqueIdentifier>
    </Filter>
    <Filter Include="include\bitcoin">
      <UniqueIdentifier>{62D7FBEE-4D52-424A-0000-000000000006}</UniqueIdentifier>
    </Filter>
    <Filter Include="include\bitcoin\database">
      <UniqueIdentifier>{62D7FBEE-4D52-424A-0000-000000000007}</UniqueIdentifier>
    </Filter>
    <Filter Include="include\bitcoin\database\databases">
      <UniqueIdentifier>{62D7FBEE-4D52-424A-0000-000000000008}</UniqueIdentifier>
    </Filter>
    <Filter Include="include\bitcoin\database\impl">
      <UniqueIdentifier>{62D7FBEE-4D52-424A-0000-000000000009}</UniqueIdentifier>
    </Filter>
    <Filter Include="include\bitcoin\database\memory">
      <UniqueIdentifier>{62D7FBEE-4D52-424A-0000-00000000000A}</UniqueIdentifier>
    </Filter>
    <Filter Include="include\bitcoin\database\primitives">
      <UniqueIdentifier>{62D7FBEE-4D52-424A-0000-00000000000B}</UniqueIdentifier>
    </Filter>
    <Filter Include="include\bitcoin\database\result">
      <UniqueIdentifier>{62D7FBEE-4D52-424A-0000-00000000000C}</UniqueIdentifier>
    </Filter>
    <Filter Include="resource">
      <UniqueIdentifier>{62D7FBEE-4D52-424A-0000-00000000000D}</UniqueIdentifier>
    </Filter>
    <Filter Include="src">
      <UniqueIdentifier>{62D7FBEE-4D52-424A-0000-000000000000}</UniqueIdentifier>
    </Filter>
    <Filter Include="src\databases">
      <UniqueIdentifier>{62D7FBEE-4D52-424A-0000-000000000001}</UniqueIdentifier>
    </Filter>
    <Filter Include="src\memory">
      <UniqueIdentifier>{62D7FBEE-4D52-424A-0000-000000000002}</UniqueIdentifier>
    </Filter>
    <Filter Include="src\mman-win32">
      <UniqueIdentifier>{62D7FBEE-4D52-424A-0000-000000000003}</UniqueIdentifier>
    </Filter>
    <Filter Include="src\result">
      <UniqueIdentifier>{62D7FBEE-4D52-424A-0000-000000000004}</UniqueIdentifier>
    </Filter>
  </ItemGroup>
  <ItemGroup>
    <ClCompile Include="..\..\..\..\src\data_base.cpp">
      <Filter>src</Filter>
    </ClCompile>
    <ClCompile Include="..\..\..\..\src\databases\address_database.cpp">
      <Filter>src\databases</Filter>
    </ClCompile>
    <ClCompile Include="..\..\..\..\src\databases\block_database.cpp">
      <Filter>src\databases</Filter>
    </ClCompile>
    <ClCompile Include="..\..\..\..\src\databases\transaction_database.cpp">
      <Filter>src\databases</Filter>
    </ClCompile>
    <ClCompile Include="..\..\..\..\src\memory\accessor.cpp">
      <Filter>src\memory</Filter>
    </ClCompile>
    <ClCompile Include="..\..\..\..\src\memory\file_storage.cpp">
      <Filter>src\memory</Filter>
    </ClCompile>
    <ClCompile Include="..\..\..\..\src\mman-win32\mman.c">
      <Filter>src\mman-win32</Filter>
    </ClCompile>
    <ClCompile Include="..\..\..\..\src\result\address_iterator.cpp">
      <Filter>src\result</Filter>
    </ClCompile>
    <ClCompile Include="..\..\..\..\src\result\address_result.cpp">
      <Filter>src\result</Filter>
    </ClCompile>
    <ClCompile Include="..\..\..\..\src\result\block_result.cpp">
      <Filter>src\result</Filter>
    </ClCompile>
    <ClCompile Include="..\..\..\..\src\result\inpoint_iterator.cpp">
      <Filter>src\result</Filter>
    </ClCompile>
    <ClCompile Include="..\..\..\..\src\result\transaction_iterator.cpp">
      <Filter>src\result</Filter>
    </ClCompile>
    <ClCompile Include="..\..\..\..\src\result\transaction_result.cpp">
      <Filter>src\result</Filter>
    </ClCompile>
    <ClCompile Include="..\..\..\..\src\settings.cpp">
      <Filter>src</Filter>
    </ClCompile>
    <ClCompile Include="..\..\..\..\src\store.cpp">
      <Filter>src</Filter>
    </ClCompile>
    <ClCompile Include="..\..\..\..\src\unspent_outputs.cpp">
      <Filter>src</Filter>
    </ClCompile>
    <ClCompile Include="..\..\..\..\src\unspent_transaction.cpp">
      <Filter>src</Filter>
    </ClCompile>
    <ClCompile Include="..\..\..\..\src\verify.cpp">
      <Filter>src</Filter>
    </ClCompile>
  </ItemGroup>
  <ItemGroup>
    <ClInclude Include="..\..\..\..\include\bitcoin\database.hpp">
      <Filter>include\bitcoin</Filter>
    </ClInclude>
    <ClInclude Include="..\..\..\..\include\bitcoin\database\block_state.hpp">
      <Filter>include\bitcoin\database</Filter>
    </ClInclude>
    <ClInclude Include="..\..\..\..\include\bitcoin\database\data_base.hpp">
      <Filter>include\bitcoin\database</Filter>
    </ClInclude>
    <ClInclude Include="..\..\..\..\include\bitcoin\database\databases\address_database.hpp">
      <Filter>include\bitcoin\database\databases</Filter>
    </ClInclude>
    <ClInclude Include="..\..\..\..\include\bitcoin\database\databases\block_database.hpp">
      <Filter>include\bitcoin\database\databases</Filter>
    </ClInclude>
    <ClInclude Include="..\..\..\..\include\bitcoin\database\databases\transaction_database.hpp">
      <Filter>include\bitcoin\database\databases</Filter>
    </ClInclude>
    <ClInclude Include="..\..\..\..\include\bitcoin\database\define.hpp">
      <Filter>include\bitcoin\database</Filter>
    </ClInclude>
    <ClInclude Include="..\..\..\..\include\bitcoin\database\memory\accessor.hpp">
      <Filter>include\bitcoin\database\memory</Filter>
    </ClInclude>
    <ClInclude Include="..\..\..\..\include\bitcoin\database\memory\file_storage.hpp">
      <Filter>include\bitcoin\database\memory</Filter>
    </ClInclude>
    <ClInclude Include="..\..\..\..\include\bitcoin\database\memory\memory.hpp">
      <Filter>include\bitcoin\database\memory</Filter>
    </ClInclude>
    <ClInclude Include="..\..\..\..\include\bitcoin\database\memory\storage.hpp">
      <Filter>include\bitcoin\database\memory</Filter>
    </ClInclude>
    <ClInclude Include="..\..\..\..\include\bitcoin\database\primitives\hash_table.hpp">
      <Filter>include\bitcoin\database\primitives</Filter>
    </ClInclude>
    <ClInclude Include="..\..\..\..\include\bitcoin\database\primitives\hash_table_header.hpp">
      <Filter>include\bitcoin\database\primitives</Filter>
    </ClInclude>
    <ClInclude Include="..\..\..\..\include\bitcoin\database\primitives\hash_table_multimap.hpp">
      <Filter>include\bitcoin\database\primitives</Filter>
    </ClInclude>
    <ClInclude Include="..\..\..\..\include\bitcoin\database\primitives\list.hpp">
      <Filter>include\bitcoin\database\primitives</Filter>
    </ClInclude>
    <ClInclude Include="..\..\..\..\include\bitcoin\database\primitives\list_element.hpp">
      <Filter>include\bitcoin\database\primitives</Filter>
    </ClInclude>
    <ClInclude Include="..\..\..\..\include\bitcoin\database\primitives\list_iterator.hpp">
      <Filter>include\bitcoin\database\primitives</Filter>
    </ClInclude>
    <ClInclude Include="..\..\..\..\include\bitcoin\database\primitives\record_manager.hpp">
      <Filter>include\bitcoin\database\primitives</Filter>
    </ClInclude>
    <ClInclude Include="..\..\..\..\include\bitcoin\database\primitives\slab_manager.hpp">
      <Filter>include\bitcoin\database\primitives</Filter>
    </ClInclude>
    <ClInclude Include="..\..\..\..\include\bitcoin\database\result\address_iterator.hpp">
      <Filter>include\bitcoin\database\result</Filter>
    </ClInclude>
    <ClInclude Include="..\..\..\..\include\bitcoin\database\result\address_result.hpp">
      <Filter>include\bitcoin\database\result</Filter>
    </ClInclude>
    <ClInclude Include="..\..\..\..\include\bitcoin\database\result\block_result.hpp">
      <Filter>include\bitcoin\database\result</Filter>
    </ClInclude>
    <ClInclude Include="..\..\..\..\include\bitcoin\database\result\inpoint_iterator.hpp">
      <Filter>include\bitcoin\database\result</Filter>
    </ClInclude>
    <ClInclude Include="..\..\..\..\include\bitcoin\database\result\transaction_iterator.hpp">
      <Filter>include\bitcoin\database\result</Filter>
    </ClInclude>
    <ClInclude Include="..\..\..\..\include\bitcoin\database\result\transaction_result.hpp">
      <Filter>include\bitcoin\database\result</Filter>
    </ClInclude>
    <ClInclude Include="..\..\..\..\include\bitcoin\database\settings.hpp">
      <Filter>include\bitcoin\database</Filter>
    </ClInclude>
    <ClInclude Include="..\..\..\..\include\bitcoin\database\store.hpp">
      <Filter>include\bitcoin\database</Filter>
    </ClInclude>
    <ClInclude Include="..\..\..\..\include\bitcoin\database\unspent_outputs.hpp">
      <Filter>include\bitcoin\database</Filter>
    </ClInclude>
    <ClInclude Include="..\..\..\..\include\bitcoin\database\unspent_transaction.hpp">
      <Filter>include\bitcoin\database</Filter>
    </ClInclude>
    <ClInclude Include="..\..\..\..\include\bitcoin\database\verify.hpp">
      <Filter>include\bitcoin\database</Filter>
    </ClInclude>
    <ClInclude Include="..\..\..\..\include\bitcoin\database\version.hpp">
      <Filter>include\bitcoin\database</Filter>
    </ClInclude>
    <ClInclude Include="..\..\..\..\src\mman-win32\mman.h">
      <Filter>src\mman-win32</Filter>
    </ClInclude>
  </ItemGroup>
  <ItemGroup>
    <None Include="..\..\..\..\include\bitcoin\database\impl\hash_table.ipp">
      <Filter>include\bitcoin\database\impl</Filter>
    </None>
    <None Include="..\..\..\..\include\bitcoin\database\impl\hash_table_header.ipp">
      <Filter>include\bitcoin\database\impl</Filter>
    </None>
    <None Include="..\..\..\..\include\bitcoin\database\impl\hash_table_multimap.ipp">
      <Filter>include\bitcoin\database\impl</Filter>
    </None>
    <None Include="..\..\..\..\include\bitcoin\database\impl\list.ipp">
      <Filter>include\bitcoin\database\impl</Filter>
    </None>
    <None Include="..\..\..\..\include\bitcoin\database\impl\list_element.ipp">
      <Filter>include\bitcoin\database\impl</Filter>
    </None>
    <None Include="..\..\..\..\include\bitcoin\database\impl\list_iterator.ipp">
      <Filter>include\bitcoin\database\impl</Filter>
    </None>
    <None Include="..\..\..\..\include\bitcoin\database\impl\record_manager.ipp">
      <Filter>include\bitcoin\database\impl</Filter>
    </None>
    <None Include="..\..\..\..\include\bitcoin\database\impl\slab_manager.ipp">
      <Filter>include\bitcoin\database\impl</Filter>
    </None>
    <None Include="packages.config" />
  </ItemGroup>
</Project>
